
Microsoft Visual Studio Solution File, Format Version 11.00
# Visual Studio 2010
Project("{FAE04EC0-301F-11D3-BF4B-00C04F79EFBC}") = "WMA CrossOver Bot", "WMA CrossOver Bot\WMA CrossOver Bot.csproj", "{51F02F8C-3F2F-4035-93A8-B253D0E56FDA}"
EndProject
Global
	GlobalSection(SolutionConfigurationPlatforms) = preSolution
		Debug|Any CPU = Debug|Any CPU
		Release|Any CPU = Release|Any CPU
	EndGlobalSection
	GlobalSection(ProjectConfigurationPlatforms) = postSolution
		{51F02F8C-3F2F-4035-93A8-B253D0E56FDA}.Debug|Any CPU.ActiveCfg = Debug|Any CPU
		{51F02F8C-3F2F-4035-93A8-B253D0E56FDA}.Debug|Any CPU.Build.0 = Debug|Any CPU
		{51F02F8C-3F2F-4035-93A8-B253D0E56FDA}.Release|Any CPU.ActiveCfg = Release|Any CPU
		{51F02F8C-3F2F-4035-93A8-B253D0E56FDA}.Release|Any CPU.Build.0 = Release|Any CPU
	EndGlobalSection
	GlobalSection(SolutionProperties) = preSolution
		HideSolutionNode = FALSE
	EndGlobalSection
EndGlobal
