
Microsoft Visual Studio Solution File, Format Version 11.00
# Visual Studio 2010
Project("{FAE04EC0-301F-11D3-BF4B-00C04F79EFBC}") = "Gap (INCOMPLETE)", "Gap (INCOMPLETE)\Gap (INCOMPLETE).csproj", "{DE188DD5-B7EE-41D7-8B59-F4C0E0C3488E}"
EndProject
Global
	GlobalSection(SolutionConfigurationPlatforms) = preSolution
		Debug|Any CPU = Debug|Any CPU
		Release|Any CPU = Release|Any CPU
	EndGlobalSection
	GlobalSection(ProjectConfigurationPlatforms) = postSolution
		{DE188DD5-B7EE-41D7-8B59-F4C0E0C3488E}.Debug|Any CPU.ActiveCfg = Debug|Any CPU
		{DE188DD5-B7EE-41D7-8B59-F4C0E0C3488E}.Debug|Any CPU.Build.0 = Debug|Any CPU
		{DE188DD5-B7EE-41D7-8B59-F4C0E0C3488E}.Release|Any CPU.ActiveCfg = Release|Any CPU
		{DE188DD5-B7EE-41D7-8B59-F4C0E0C3488E}.Release|Any CPU.Build.0 = Release|Any CPU
	EndGlobalSection
	GlobalSection(SolutionProperties) = preSolution
		HideSolutionNode = FALSE
	EndGlobalSection
EndGlobal
