
Microsoft Visual Studio Solution File, Format Version 11.00
# Visual Studio 2010
Project("{FAE04EC0-301F-11D3-BF4B-00C04F79EFBC}") = "COMPLETE - Stochastic POP", "COMPLETE - Stochastic POP\COMPLETE - Stochastic POP.csproj", "{553423FA-B7E1-4D7A-9E18-D8A09C58E430}"
EndProject
Global
	GlobalSection(SolutionConfigurationPlatforms) = preSolution
		Debug|Any CPU = Debug|Any CPU
		Release|Any CPU = Release|Any CPU
	EndGlobalSection
	GlobalSection(ProjectConfigurationPlatforms) = postSolution
		{553423FA-B7E1-4D7A-9E18-D8A09C58E430}.Debug|Any CPU.ActiveCfg = Debug|Any CPU
		{553423FA-B7E1-4D7A-9E18-D8A09C58E430}.Debug|Any CPU.Build.0 = Debug|Any CPU
		{553423FA-B7E1-4D7A-9E18-D8A09C58E430}.Release|Any CPU.ActiveCfg = Release|Any CPU
		{553423FA-B7E1-4D7A-9E18-D8A09C58E430}.Release|Any CPU.Build.0 = Release|Any CPU
	EndGlobalSection
	GlobalSection(SolutionProperties) = preSolution
		HideSolutionNode = FALSE
	EndGlobalSection
EndGlobal
