
Microsoft Visual Studio Solution File, Format Version 11.00
# Visual Studio 2010
Project("{FAE04EC0-301F-11D3-BF4B-00C04F79EFBC}") = "Epulum V0.1", "Epulum V0.1\Epulum V0.1.csproj", "{B19B43EA-43D3-4248-9E6A-ADF0D963B612}"
EndProject
Global
	GlobalSection(SolutionConfigurationPlatforms) = preSolution
		Debug|Any CPU = Debug|Any CPU
		Release|Any CPU = Release|Any CPU
	EndGlobalSection
	GlobalSection(ProjectConfigurationPlatforms) = postSolution
		{B19B43EA-43D3-4248-9E6A-ADF0D963B612}.Debug|Any CPU.ActiveCfg = Debug|Any CPU
		{B19B43EA-43D3-4248-9E6A-ADF0D963B612}.Debug|Any CPU.Build.0 = Debug|Any CPU
		{B19B43EA-43D3-4248-9E6A-ADF0D963B612}.Release|Any CPU.ActiveCfg = Release|Any CPU
		{B19B43EA-43D3-4248-9E6A-ADF0D963B612}.Release|Any CPU.Build.0 = Release|Any CPU
	EndGlobalSection
	GlobalSection(SolutionProperties) = preSolution
		HideSolutionNode = FALSE
	EndGlobalSection
EndGlobal
