
Microsoft Visual Studio Solution File, Format Version 11.00
# Visual Studio 2010
Project("{FAE04EC0-301F-11D3-BF4B-00C04F79EFBC}") = "TimeFramesHistorical", "TimeFramesHistorical\TimeFramesHistorical.csproj", "{683F5EA3-7BF9-46A7-8D97-C0519F63FF23}"
EndProject
Global
	GlobalSection(SolutionConfigurationPlatforms) = preSolution
		Debug|Any CPU = Debug|Any CPU
		Release|Any CPU = Release|Any CPU
	EndGlobalSection
	GlobalSection(ProjectConfigurationPlatforms) = postSolution
		{683F5EA3-7BF9-46A7-8D97-C0519F63FF23}.Debug|Any CPU.ActiveCfg = Debug|Any CPU
		{683F5EA3-7BF9-46A7-8D97-C0519F63FF23}.Debug|Any CPU.Build.0 = Debug|Any CPU
		{683F5EA3-7BF9-46A7-8D97-C0519F63FF23}.Release|Any CPU.ActiveCfg = Release|Any CPU
		{683F5EA3-7BF9-46A7-8D97-C0519F63FF23}.Release|Any CPU.Build.0 = Release|Any CPU
	EndGlobalSection
	GlobalSection(SolutionProperties) = preSolution
		HideSolutionNode = FALSE
	EndGlobalSection
EndGlobal
